
Microsoft Visual Studio Solution File, Format Version 12.00
# Visual Studio Version 17
VisualStudioVersion = 17.2.32526.322
MinimumVisualStudioVersion = 10.0.40219.1
Project("{2150E333-8FDC-42A3-9474-1A3956D46DE8}") = "4. EntidadesBD", "4. EntidadesBD", "{D0BC94F7-D303-4970-8B75-3AE5FE1989E3}"
EndProject
Project("{2150E333-8FDC-42A3-9474-1A3956D46DE8}") = "3. Contextos", "3. Contextos", "{EFC2F5ED-5579-4193-B39C-CA7BC75B70B2}"
EndProject
Project("{2150E333-8FDC-42A3-9474-1A3956D46DE8}") = "2. Negocio", "2. Negocio", "{79746FE0-F530-4451-9ABA-13ABD59474BB}"
EndProject
Project("{2150E333-8FDC-42A3-9474-1A3956D46DE8}") = "1. Distribuidos", "1. Distribuidos", "{7D39EF98-4FA9-43B9-B438-49398197B269}"
EndProject
Project("{9A19103F-16F7-4668-BE54-9A1E7A4F7556}") = "Entidades", "4. EntidadesBD\Entidades\Entidades.csproj", "{AFEC7B9E-3CE6-4C86-B282-4F9791A6BFAD}"
EndProject
Project("{9A19103F-16F7-4668-BE54-9A1E7A4F7556}") = "Contexto", "3. Contextos\Contexto\Contexto.csproj", "{E90EF56D-B2CD-46E1-AB86-F5B53F582817}"
EndProject
Project("{9A19103F-16F7-4668-BE54-9A1E7A4F7556}") = "POSEntity", "2. Negocio\POSEntity\POSEntity.csproj", "{77AF8493-8E85-4E44-985D-7BB4D3F019D6}"
EndProject
Project("{9A19103F-16F7-4668-BE54-9A1E7A4F7556}") = "Negocio", "2. Negocio\Negocio\Negocio.csproj", "{8A10E0F1-7C7D-4200-A1D9-F11487ADA5F0}"
EndProject
Project("{9A19103F-16F7-4668-BE54-9A1E7A4F7556}") = "Autenticacion", "2. Negocio\Autenticacion\Autenticacion.csproj", "{A4351B32-C418-486E-B29E-36F79398A5AC}"
EndProject
Project("{9A19103F-16F7-4668-BE54-9A1E7A4F7556}") = "IntefacesNegocios", "2. Negocio\IntefacesNegocios\IntefacesNegocios.csproj", "{DD333C28-F5DD-4518-B0B7-1D200BE39F2F}"
EndProject
Project("{9A19103F-16F7-4668-BE54-9A1E7A4F7556}") = "POS", "1. Distribución\POS\POS.csproj", "{11845249-EA8C-4B3B-A5A5-8DA8EF588CA2}"
EndProject
Project("{9A19103F-16F7-4668-BE54-9A1E7A4F7556}") = "APIBANCOV1", "1. Distribución\API\APIBANCOV1\APIBANCOV1.csproj", "{ACA355C2-8596-4B8C-9AFC-7A73AACD0CF3}"
EndProject
Project("{9A19103F-16F7-4668-BE54-9A1E7A4F7556}") = "APIPOSV1", "1. Distribución\APIPOSV1\APIPOSV1.csproj", "{3EF43DBE-21CC-4F89-BB6A-BCC51276E587}"
EndProject
Project("{FAE04EC0-301F-11D3-BF4B-00C04F79EFBC}") = "BancoEntity", "2. Negocio\BancoEntity\BancoEntity.csproj", "{011119A7-AD8F-4F7C-93BD-8676B8AB355F}"
EndProject
Global
	GlobalSection(SolutionConfigurationPlatforms) = preSolution
		Debug|Any CPU = Debug|Any CPU
		Release|Any CPU = Release|Any CPU
	EndGlobalSection
	GlobalSection(ProjectConfigurationPlatforms) = postSolution
		{AFEC7B9E-3CE6-4C86-B282-4F9791A6BFAD}.Debug|Any CPU.ActiveCfg = Debug|Any CPU
		{AFEC7B9E-3CE6-4C86-B282-4F9791A6BFAD}.Debug|Any CPU.Build.0 = Debug|Any CPU
		{AFEC7B9E-3CE6-4C86-B282-4F9791A6BFAD}.Release|Any CPU.ActiveCfg = Release|Any CPU
		{AFEC7B9E-3CE6-4C86-B282-4F9791A6BFAD}.Release|Any CPU.Build.0 = Release|Any CPU
		{E90EF56D-B2CD-46E1-AB86-F5B53F582817}.Debug|Any CPU.ActiveCfg = Debug|Any CPU
		{E90EF56D-B2CD-46E1-AB86-F5B53F582817}.Debug|Any CPU.Build.0 = Debug|Any CPU
		{E90EF56D-B2CD-46E1-AB86-F5B53F582817}.Release|Any CPU.ActiveCfg = Release|Any CPU
		{E90EF56D-B2CD-46E1-AB86-F5B53F582817}.Release|Any CPU.Build.0 = Release|Any CPU
		{77AF8493-8E85-4E44-985D-7BB4D3F019D6}.Debug|Any CPU.ActiveCfg = Debug|Any CPU
		{77AF8493-8E85-4E44-985D-7BB4D3F019D6}.Debug|Any CPU.Build.0 = Debug|Any CPU
		{77AF8493-8E85-4E44-985D-7BB4D3F019D6}.Release|Any CPU.ActiveCfg = Release|Any CPU
		{77AF8493-8E85-4E44-985D-7BB4D3F019D6}.Release|Any CPU.Build.0 = Release|Any CPU
		{8A10E0F1-7C7D-4200-A1D9-F11487ADA5F0}.Debug|Any CPU.ActiveCfg = Debug|Any CPU
		{8A10E0F1-7C7D-4200-A1D9-F11487ADA5F0}.Debug|Any CPU.Build.0 = Debug|Any CPU
		{8A10E0F1-7C7D-4200-A1D9-F11487ADA5F0}.Release|Any CPU.ActiveCfg = Release|Any CPU
		{8A10E0F1-7C7D-4200-A1D9-F11487ADA5F0}.Release|Any CPU.Build.0 = Release|Any CPU
		{A4351B32-C418-486E-B29E-36F79398A5AC}.Debug|Any CPU.ActiveCfg = Debug|Any CPU
		{A4351B32-C418-486E-B29E-36F79398A5AC}.Debug|Any CPU.Build.0 = Debug|Any CPU
		{A4351B32-C418-486E-B29E-36F79398A5AC}.Release|Any CPU.ActiveCfg = Release|Any CPU
		{A4351B32-C418-486E-B29E-36F79398A5AC}.Release|Any CPU.Build.0 = Release|Any CPU
		{DD333C28-F5DD-4518-B0B7-1D200BE39F2F}.Debug|Any CPU.ActiveCfg = Debug|Any CPU
		{DD333C28-F5DD-4518-B0B7-1D200BE39F2F}.Debug|Any CPU.Build.0 = Debug|Any CPU
		{DD333C28-F5DD-4518-B0B7-1D200BE39F2F}.Release|Any CPU.ActiveCfg = Release|Any CPU
		{DD333C28-F5DD-4518-B0B7-1D200BE39F2F}.Release|Any CPU.Build.0 = Release|Any CPU
		{11845249-EA8C-4B3B-A5A5-8DA8EF588CA2}.Debug|Any CPU.ActiveCfg = Debug|Any CPU
		{11845249-EA8C-4B3B-A5A5-8DA8EF588CA2}.Debug|Any CPU.Build.0 = Debug|Any CPU
		{11845249-EA8C-4B3B-A5A5-8DA8EF588CA2}.Release|Any CPU.ActiveCfg = Release|Any CPU
		{11845249-EA8C-4B3B-A5A5-8DA8EF588CA2}.Release|Any CPU.Build.0 = Release|Any CPU
		{ACA355C2-8596-4B8C-9AFC-7A73AACD0CF3}.Debug|Any CPU.ActiveCfg = Debug|Any CPU
		{ACA355C2-8596-4B8C-9AFC-7A73AACD0CF3}.Debug|Any CPU.Build.0 = Debug|Any CPU
		{ACA355C2-8596-4B8C-9AFC-7A73AACD0CF3}.Release|Any CPU.ActiveCfg = Release|Any CPU
		{ACA355C2-8596-4B8C-9AFC-7A73AACD0CF3}.Release|Any CPU.Build.0 = Release|Any CPU
		{3EF43DBE-21CC-4F89-BB6A-BCC51276E587}.Debug|Any CPU.ActiveCfg = Debug|Any CPU
		{3EF43DBE-21CC-4F89-BB6A-BCC51276E587}.Debug|Any CPU.Build.0 = Debug|Any CPU
		{3EF43DBE-21CC-4F89-BB6A-BCC51276E587}.Release|Any CPU.ActiveCfg = Release|Any CPU
		{3EF43DBE-21CC-4F89-BB6A-BCC51276E587}.Release|Any CPU.Build.0 = Release|Any CPU
		{011119A7-AD8F-4F7C-93BD-8676B8AB355F}.Debug|Any CPU.ActiveCfg = Debug|Any CPU
		{011119A7-AD8F-4F7C-93BD-8676B8AB355F}.Debug|Any CPU.Build.0 = Debug|Any CPU
		{011119A7-AD8F-4F7C-93BD-8676B8AB355F}.Release|Any CPU.ActiveCfg = Release|Any CPU
		{011119A7-AD8F-4F7C-93BD-8676B8AB355F}.Release|Any CPU.Build.0 = Release|Any CPU
	EndGlobalSection
	GlobalSection(SolutionProperties) = preSolution
		HideSolutionNode = FALSE
	EndGlobalSection
	GlobalSection(NestedProjects) = preSolution
		{AFEC7B9E-3CE6-4C86-B282-4F9791A6BFAD} = {D0BC94F7-D303-4970-8B75-3AE5FE1989E3}
		{E90EF56D-B2CD-46E1-AB86-F5B53F582817} = {EFC2F5ED-5579-4193-B39C-CA7BC75B70B2}
		{77AF8493-8E85-4E44-985D-7BB4D3F019D6} = {79746FE0-F530-4451-9ABA-13ABD59474BB}
		{8A10E0F1-7C7D-4200-A1D9-F11487ADA5F0} = {79746FE0-F530-4451-9ABA-13ABD59474BB}
		{A4351B32-C418-486E-B29E-36F79398A5AC} = {79746FE0-F530-4451-9ABA-13ABD59474BB}
		{DD333C28-F5DD-4518-B0B7-1D200BE39F2F} = {79746FE0-F530-4451-9ABA-13ABD59474BB}
		{11845249-EA8C-4B3B-A5A5-8DA8EF588CA2} = {7D39EF98-4FA9-43B9-B438-49398197B269}
		{ACA355C2-8596-4B8C-9AFC-7A73AACD0CF3} = {7D39EF98-4FA9-43B9-B438-49398197B269}
		{3EF43DBE-21CC-4F89-BB6A-BCC51276E587} = {7D39EF98-4FA9-43B9-B438-49398197B269}
		{011119A7-AD8F-4F7C-93BD-8676B8AB355F} = {79746FE0-F530-4451-9ABA-13ABD59474BB}
	EndGlobalSection
	GlobalSection(ExtensibilityGlobals) = postSolution
		SolutionGuid = {3BF17E9D-B3AD-440B-B7A1-E4F6FF11A551}
	EndGlobalSection
EndGlobal
